
Microsoft Visual Studio Solution File, Format Version 12.00
# Visual Studio Version 16
VisualStudioVersion = 16.6.30114.105
MinimumVisualStudioVersion = 10.0.40219.1
Project("{9A19103F-16F7-4668-BE54-9A1E7A4F7556}") = "R5T.T0070", "R5T.T0070\R5T.T0070.csproj", "{950570E3-AF85-4417-919D-9C9491DF0EA1}"
EndProject
Project("{2150E333-8FDC-42A3-9474-1A3956D46DE8}") = "_Dependencies", "_Dependencies", "{4C3CF3E6-00B0-4DB4-B506-84AFD2597AC6}"
EndProject
Project("{9A19103F-16F7-4668-BE54-9A1E7A4F7556}") = "R5T.T0039.T002", "..\..\R5T.T0039\source\R5T.T0039.T002\R5T.T0039.T002.csproj", "{E4B4215F-A26C-4145-AE6D-26DE08E72CE6}"
EndProject
Project("{9A19103F-16F7-4668-BE54-9A1E7A4F7556}") = "R5T.T0070.X001", "R5T.T0070.X001\R5T.T0070.X001.csproj", "{0BCB5A4D-14B9-4FC0-AAB1-C6EF200BA33B}"
EndProject
Project("{9A19103F-16F7-4668-BE54-9A1E7A4F7556}") = "R5T.T0075", "..\..\R5T.T0075\source\R5T.T0075\R5T.T0075.csproj", "{30722E9F-5100-4117-AA71-BC73750DA0FA}"
EndProject
Project("{9A19103F-16F7-4668-BE54-9A1E7A4F7556}") = "R5T.L0014", "..\..\R5T.L0014\source\R5T.L0014\R5T.L0014.csproj", "{0851EA75-58F2-404F-A31B-BF6328CF3E29}"
EndProject
Project("{9A19103F-16F7-4668-BE54-9A1E7A4F7556}") = "R5T.T0072", "..\..\R5T.T0072\source\R5T.T0072\R5T.T0072.csproj", "{BB95D292-7311-441D-A898-E183EC9743CF}"
EndProject
Project("{9A19103F-16F7-4668-BE54-9A1E7A4F7556}") = "R5T.L0013", "..\..\R5T.L0013\source\R5T.L0013\R5T.L0013.csproj", "{5A6BE16C-83BB-4F74-BF89-3D21DD6E8A0A}"
EndProject
Project("{9A19103F-16F7-4668-BE54-9A1E7A4F7556}") = "R5T.T0073", "..\..\R5T.T0073\source\R5T.T0073\R5T.T0073.csproj", "{63FACB44-5C9A-4CF7-B77F-6C8D19FDE6CD}"
EndProject
Project("{9A19103F-16F7-4668-BE54-9A1E7A4F7556}") = "R5T.L0015", "..\..\R5T.L0015\source\R5T.L0015\R5T.L0015.csproj", "{CA7563E8-47E0-4D64-88DA-234D2E078B1D}"
EndProject
Global
	GlobalSection(SolutionConfigurationPlatforms) = preSolution
		Debug|Any CPU = Debug|Any CPU
		Debug|x64 = Debug|x64
		Debug|x86 = Debug|x86
		Release|Any CPU = Release|Any CPU
		Release|x64 = Release|x64
		Release|x86 = Release|x86
	EndGlobalSection
	GlobalSection(ProjectConfigurationPlatforms) = postSolution
		{950570E3-AF85-4417-919D-9C9491DF0EA1}.Debug|Any CPU.ActiveCfg = Debug|Any CPU
		{950570E3-AF85-4417-919D-9C9491DF0EA1}.Debug|Any CPU.Build.0 = Debug|Any CPU
		{950570E3-AF85-4417-919D-9C9491DF0EA1}.Debug|x64.ActiveCfg = Debug|Any CPU
		{950570E3-AF85-4417-919D-9C9491DF0EA1}.Debug|x64.Build.0 = Debug|Any CPU
		{950570E3-AF85-4417-919D-9C9491DF0EA1}.Debug|x86.ActiveCfg = Debug|Any CPU
		{950570E3-AF85-4417-919D-9C9491DF0EA1}.Debug|x86.Build.0 = Debug|Any CPU
		{950570E3-AF85-4417-919D-9C9491DF0EA1}.Release|Any CPU.ActiveCfg = Release|Any CPU
		{950570E3-AF85-4417-919D-9C9491DF0EA1}.Release|Any CPU.Build.0 = Release|Any CPU
		{950570E3-AF85-4417-919D-9C9491DF0EA1}.Release|x64.ActiveCfg = Release|Any CPU
		{950570E3-AF85-4417-919D-9C9491DF0EA1}.Release|x64.Build.0 = Release|Any CPU
		{950570E3-AF85-4417-919D-9C9491DF0EA1}.Release|x86.ActiveCfg = Release|Any CPU
		{950570E3-AF85-4417-919D-9C9491DF0EA1}.Release|x86.Build.0 = Release|Any CPU
		{E4B4215F-A26C-4145-AE6D-26DE08E72CE6}.Debug|Any CPU.ActiveCfg = Debug|Any CPU
		{E4B4215F-A26C-4145-AE6D-26DE08E72CE6}.Debug|Any CPU.Build.0 = Debug|Any CPU
		{E4B4215F-A26C-4145-AE6D-26DE08E72CE6}.Debug|x64.ActiveCfg = Debug|Any CPU
		{E4B4215F-A26C-4145-AE6D-26DE08E72CE6}.Debug|x64.Build.0 = Debug|Any CPU
		{E4B4215F-A26C-4145-AE6D-26DE08E72CE6}.Debug|x86.ActiveCfg = Debug|Any CPU
		{E4B4215F-A26C-4145-AE6D-26DE08E72CE6}.Debug|x86.Build.0 = Debug|Any CPU
		{E4B4215F-A26C-4145-AE6D-26DE08E72CE6}.Release|Any CPU.ActiveCfg = Release|Any CPU
		{E4B4215F-A26C-4145-AE6D-26DE08E72CE6}.Release|Any CPU.Build.0 = Release|Any CPU
		{E4B4215F-A26C-4145-AE6D-26DE08E72CE6}.Release|x64.ActiveCfg = Release|Any CPU
		{E4B4215F-A26C-4145-AE6D-26DE08E72CE6}.Release|x64.Build.0 = Release|Any CPU
		{E4B4215F-A26C-4145-AE6D-26DE08E72CE6}.Release|x86.ActiveCfg = Release|Any CPU
		{E4B4215F-A26C-4145-AE6D-26DE08E72CE6}.Release|x86.Build.0 = Release|Any CPU
		{0BCB5A4D-14B9-4FC0-AAB1-C6EF200BA33B}.Debug|Any CPU.ActiveCfg = Debug|Any CPU
		{0BCB5A4D-14B9-4FC0-AAB1-C6EF200BA33B}.Debug|Any CPU.Build.0 = Debug|Any CPU
		{0BCB5A4D-14B9-4FC0-AAB1-C6EF200BA33B}.Debug|x64.ActiveCfg = Debug|Any CPU
		{0BCB5A4D-14B9-4FC0-AAB1-C6EF200BA33B}.Debug|x64.Build.0 = Debug|Any CPU
		{0BCB5A4D-14B9-4FC0-AAB1-C6EF200BA33B}.Debug|x86.ActiveCfg = Debug|Any CPU
		{0BCB5A4D-14B9-4FC0-AAB1-C6EF200BA33B}.Debug|x86.Build.0 = Debug|Any CPU
		{0BCB5A4D-14B9-4FC0-AAB1-C6EF200BA33B}.Release|Any CPU.ActiveCfg = Release|Any CPU
		{0BCB5A4D-14B9-4FC0-AAB1-C6EF200BA33B}.Release|Any CPU.Build.0 = Release|Any CPU
		{0BCB5A4D-14B9-4FC0-AAB1-C6EF200BA33B}.Release|x64.ActiveCfg = Release|Any CPU
		{0BCB5A4D-14B9-4FC0-AAB1-C6EF200BA33B}.Release|x64.Build.0 = Release|Any CPU
		{0BCB5A4D-14B9-4FC0-AAB1-C6EF200BA33B}.Release|x86.ActiveCfg = Release|Any CPU
		{0BCB5A4D-14B9-4FC0-AAB1-C6EF200BA33B}.Release|x86.Build.0 = Release|Any CPU
		{30722E9F-5100-4117-AA71-BC73750DA0FA}.Debug|Any CPU.ActiveCfg = Debug|Any CPU
		{30722E9F-5100-4117-AA71-BC73750DA0FA}.Debug|Any CPU.Build.0 = Debug|Any CPU
		{30722E9F-5100-4117-AA71-BC73750DA0FA}.Debug|x64.ActiveCfg = Debug|Any CPU
		{30722E9F-5100-4117-AA71-BC73750DA0FA}.Debug|x64.Build.0 = Debug|Any CPU
		{30722E9F-5100-4117-AA71-BC73750DA0FA}.Debug|x86.ActiveCfg = Debug|Any CPU
		{30722E9F-5100-4117-AA71-BC73750DA0FA}.Debug|x86.Build.0 = Debug|Any CPU
		{30722E9F-5100-4117-AA71-BC73750DA0FA}.Release|Any CPU.ActiveCfg = Release|Any CPU
		{30722E9F-5100-4117-AA71-BC73750DA0FA}.Release|Any CPU.Build.0 = Release|Any CPU
		{30722E9F-5100-4117-AA71-BC73750DA0FA}.Release|x64.ActiveCfg = Release|Any CPU
		{30722E9F-5100-4117-AA71-BC73750DA0FA}.Release|x64.Build.0 = Release|Any CPU
		{30722E9F-5100-4117-AA71-BC73750DA0FA}.Release|x86.ActiveCfg = Release|Any CPU
		{30722E9F-5100-4117-AA71-BC73750DA0FA}.Release|x86.Build.0 = Release|Any CPU
		{0851EA75-58F2-404F-A31B-BF6328CF3E29}.Debug|Any CPU.ActiveCfg = Debug|Any CPU
		{0851EA75-58F2-404F-A31B-BF6328CF3E29}.Debug|Any CPU.Build.0 = Debug|Any CPU
		{0851EA75-58F2-404F-A31B-BF6328CF3E29}.Debug|x64.ActiveCfg = Debug|Any CPU
		{0851EA75-58F2-404F-A31B-BF6328CF3E29}.Debug|x64.Build.0 = Debug|Any CPU
		{0851EA75-58F2-404F-A31B-BF6328CF3E29}.Debug|x86.ActiveCfg = Debug|Any CPU
		{0851EA75-58F2-404F-A31B-BF6328CF3E29}.Debug|x86.Build.0 = Debug|Any CPU
		{0851EA75-58F2-404F-A31B-BF6328CF3E29}.Release|Any CPU.ActiveCfg = Release|Any CPU
		{0851EA75-58F2-404F-A31B-BF6328CF3E29}.Release|Any CPU.Build.0 = Release|Any CPU
		{0851EA75-58F2-404F-A31B-BF6328CF3E29}.Release|x64.ActiveCfg = Release|Any CPU
		{0851EA75-58F2-404F-A31B-BF6328CF3E29}.Release|x64.Build.0 = Release|Any CPU
		{0851EA75-58F2-404F-A31B-BF6328CF3E29}.Release|x86.ActiveCfg = Release|Any CPU
		{0851EA75-58F2-404F-A31B-BF6328CF3E29}.Release|x86.Build.0 = Release|Any CPU
		{BB95D292-7311-441D-A898-E183EC9743CF}.Debug|Any CPU.ActiveCfg = Debug|Any CPU
		{BB95D292-7311-441D-A898-E183EC9743CF}.Debug|Any CPU.Build.0 = Debug|Any CPU
		{BB95D292-7311-441D-A898-E183EC9743CF}.Debug|x64.ActiveCfg = Debug|Any CPU
		{BB95D292-7311-441D-A898-E183EC9743CF}.Debug|x64.Build.0 = Debug|Any CPU
		{BB95D292-7311-441D-A898-E183EC9743CF}.Debug|x86.ActiveCfg = Debug|Any CPU
		{BB95D292-7311-441D-A898-E183EC9743CF}.Debug|x86.Build.0 = Debug|Any CPU
		{BB95D292-7311-441D-A898-E183EC9743CF}.Release|Any CPU.ActiveCfg = Release|Any CPU
		{BB95D292-7311-441D-A898-E183EC9743CF}.Release|Any CPU.Build.0 = Release|Any CPU
		{BB95D292-7311-441D-A898-E183EC9743CF}.Release|x64.ActiveCfg = Release|Any CPU
		{BB95D292-7311-441D-A898-E183EC9743CF}.Release|x64.Build.0 = Release|Any CPU
		{BB95D292-7311-441D-A898-E183EC9743CF}.Release|x86.ActiveCfg = Release|Any CPU
		{BB95D292-7311-441D-A898-E183EC9743CF}.Release|x86.Build.0 = Release|Any CPU
		{5A6BE16C-83BB-4F74-BF89-3D21DD6E8A0A}.Debug|Any CPU.ActiveCfg = Debug|Any CPU
		{5A6BE16C-83BB-4F74-BF89-3D21DD6E8A0A}.Debug|Any CPU.Build.0 = Debug|Any CPU
		{5A6BE16C-83BB-4F74-BF89-3D21DD6E8A0A}.Debug|x64.ActiveCfg = Debug|Any CPU
		{5A6BE16C-83BB-4F74-BF89-3D21DD6E8A0A}.Debug|x64.Build.0 = Debug|Any CPU
		{5A6BE16C-83BB-4F74-BF89-3D21DD6E8A0A}.Debug|x86.ActiveCfg = Debug|Any CPU
		{5A6BE16C-83BB-4F74-BF89-3D21DD6E8A0A}.Debug|x86.Build.0 = Debug|Any CPU
		{5A6BE16C-83BB-4F74-BF89-3D21DD6E8A0A}.Release|Any CPU.ActiveCfg = Release|Any CPU
		{5A6BE16C-83BB-4F74-BF89-3D21DD6E8A0A}.Release|Any CPU.Build.0 = Release|Any CPU
		{5A6BE16C-83BB-4F74-BF89-3D21DD6E8A0A}.Release|x64.ActiveCfg = Release|Any CPU
		{5A6BE16C-83BB-4F74-BF89-3D21DD6E8A0A}.Release|x64.Build.0 = Release|Any CPU
		{5A6BE16C-83BB-4F74-BF89-3D21DD6E8A0A}.Release|x86.ActiveCfg = Release|Any CPU
		{5A6BE16C-83BB-4F74-BF89-3D21DD6E8A0A}.Release|x86.Build.0 = Release|Any CPU
		{63FACB44-5C9A-4CF7-B77F-6C8D19FDE6CD}.Debug|Any CPU.ActiveCfg = Debug|Any CPU
		{63FACB44-5C9A-4CF7-B77F-6C8D19FDE6CD}.Debug|Any CPU.Build.0 = Debug|Any CPU
		{63FACB44-5C9A-4CF7-B77F-6C8D19FDE6CD}.Debug|x64.ActiveCfg = Debug|Any CPU
		{63FACB44-5C9A-4CF7-B77F-6C8D19FDE6CD}.Debug|x64.Build.0 = Debug|Any CPU
		{63FACB44-5C9A-4CF7-B77F-6C8D19FDE6CD}.Debug|x86.ActiveCfg = Debug|Any CPU
		{63FACB44-5C9A-4CF7-B77F-6C8D19FDE6CD}.Debug|x86.Build.0 = Debug|Any CPU
		{63FACB44-5C9A-4CF7-B77F-6C8D19FDE6CD}.Release|Any CPU.ActiveCfg = Release|Any CPU
		{63FACB44-5C9A-4CF7-B77F-6C8D19FDE6CD}.Release|Any CPU.Build.0 = Release|Any CPU
		{63FACB44-5C9A-4CF7-B77F-6C8D19FDE6CD}.Release|x64.ActiveCfg = Release|Any CPU
		{63FACB44-5C9A-4CF7-B77F-6C8D19FDE6CD}.Release|x64.Build.0 = Release|Any CPU
		{63FACB44-5C9A-4CF7-B77F-6C8D19FDE6CD}.Release|x86.ActiveCfg = Release|Any CPU
		{63FACB44-5C9A-4CF7-B77F-6C8D19FDE6CD}.Release|x86.Build.0 = Release|Any CPU
		{CA7563E8-47E0-4D64-88DA-234D2E078B1D}.Debug|Any CPU.ActiveCfg = Debug|Any CPU
		{CA7563E8-47E0-4D64-88DA-234D2E078B1D}.Debug|Any CPU.Build.0 = Debug|Any CPU
		{CA7563E8-47E0-4D64-88DA-234D2E078B1D}.Debug|x64.ActiveCfg = Debug|Any CPU
		{CA7563E8-47E0-4D64-88DA-234D2E078B1D}.Debug|x64.Build.0 = Debug|Any CPU
		{CA7563E8-47E0-4D64-88DA-234D2E078B1D}.Debug|x86.ActiveCfg = Debug|Any CPU
		{CA7563E8-47E0-4D64-88DA-234D2E078B1D}.Debug|x86.Build.0 = Debug|Any CPU
		{CA7563E8-47E0-4D64-88DA-234D2E078B1D}.Release|Any CPU.ActiveCfg = Release|Any CPU
		{CA7563E8-47E0-4D64-88DA-234D2E078B1D}.Release|Any CPU.Build.0 = Release|Any CPU
		{CA7563E8-47E0-4D64-88DA-234D2E078B1D}.Release|x64.ActiveCfg = Release|Any CPU
		{CA7563E8-47E0-4D64-88DA-234D2E078B1D}.Release|x64.Build.0 = Release|Any CPU
		{CA7563E8-47E0-4D64-88DA-234D2E078B1D}.Release|x86.ActiveCfg = Release|Any CPU
		{CA7563E8-47E0-4D64-88DA-234D2E078B1D}.Release|x86.Build.0 = Release|Any CPU
	EndGlobalSection
	GlobalSection(SolutionProperties) = preSolution
		HideSolutionNode = FALSE
	EndGlobalSection
	GlobalSection(NestedProjects) = preSolution
		{E4B4215F-A26C-4145-AE6D-26DE08E72CE6} = {4C3CF3E6-00B0-4DB4-B506-84AFD2597AC6}
		{30722E9F-5100-4117-AA71-BC73750DA0FA} = {4C3CF3E6-00B0-4DB4-B506-84AFD2597AC6}
		{0851EA75-58F2-404F-A31B-BF6328CF3E29} = {4C3CF3E6-00B0-4DB4-B506-84AFD2597AC6}
		{BB95D292-7311-441D-A898-E183EC9743CF} = {4C3CF3E6-00B0-4DB4-B506-84AFD2597AC6}
		{5A6BE16C-83BB-4F74-BF89-3D21DD6E8A0A} = {4C3CF3E6-00B0-4DB4-B506-84AFD2597AC6}
		{63FACB44-5C9A-4CF7-B77F-6C8D19FDE6CD} = {4C3CF3E6-00B0-4DB4-B506-84AFD2597AC6}
		{CA7563E8-47E0-4D64-88DA-234D2E078B1D} = {4C3CF3E6-00B0-4DB4-B506-84AFD2597AC6}
	EndGlobalSection
	GlobalSection(ExtensibilityGlobals) = postSolution
		SolutionGuid = {261ED3CE-7755-42C7-8C81-B660BA0A35D0}
	EndGlobalSection
EndGlobal
